{
  "name": "testmainproject",
  "version": "1.0.0",
  "lockfileVersion": 1,
  "requires": true,
  "dependencies": {
    "testdependency1": {
      "version": "git+https://github.com/CSLTech/testDependency1.git#7460035b863a9cc5e9d8fed7ab688e8587ae0ded",
      "from": "git+https://github.com/CSLTech/testDependency1.git#master",
      "requires": {
        "testsubdependency": "git+https://github.com/CSLTech/testSubDependency.git#331315f3bb7faec72e0229477a4d01c6b9ff7c26"
      }
    },
    "testdependency2": {
      "version": "git+https://github.com/CSLTech/testDependency2.git#de11efb0af7fcc49877d8d5567186a33a7f8ede1",
      "from": "git+https://github.com/CSLTech/testDependency2.git#master",
      "requires": {
        "testsubdependency": "git+https://github.com/CSLTech/testSubDependency.git#331315f3bb7faec72e0229477a4d01c6b9ff7c26"
      }
    },
    "testsubdependency": {
      "version": "git+https://github.com/CSLTech/testSubDependency.git#331315f3bb7faec72e0229477a4d01c6b9ff7c26",
      "from": "git+https://github.com/CSLTech/testSubDependency.git#master"
    }
  }
}
